
Microsoft Visual Studio Solution File, Format Version 12.00
# Visual Studio Version 16
VisualStudioVersion = 16.0.31129.286
MinimumVisualStudioVersion = 10.0.40219.1
Project("{FAE04EC0-301F-11D3-BF4B-00C04F79EFBC}") = "4 ApplyingTactics", "4 ApplyingTactics\4 ApplyingTactics.csproj", "{4F5B2881-9B13-4AC8-8C28-77EC2747350C}"
EndProject
Global
	GlobalSection(SolutionConfigurationPlatforms) = preSolution
		Debug|Any CPU = Debug|Any CPU
		Release|Any CPU = Release|Any CPU
	EndGlobalSection
	GlobalSection(ProjectConfigurationPlatforms) = postSolution
		{4F5B2881-9B13-4AC8-8C28-77EC2747350C}.Debug|Any CPU.ActiveCfg = Debug|Any CPU
		{4F5B2881-9B13-4AC8-8C28-77EC2747350C}.Debug|Any CPU.Build.0 = Debug|Any CPU
		{4F5B2881-9B13-4AC8-8C28-77EC2747350C}.Release|Any CPU.ActiveCfg = Release|Any CPU
		{4F5B2881-9B13-4AC8-8C28-77EC2747350C}.Release|Any CPU.Build.0 = Release|Any CPU
	EndGlobalSection
	GlobalSection(SolutionProperties) = preSolution
		HideSolutionNode = FALSE
	EndGlobalSection
	GlobalSection(ExtensibilityGlobals) = postSolution
		SolutionGuid = {D3B6DC3F-C95D-40BD-868D-CD6A46A7A9A0}
	EndGlobalSection
EndGlobal
